{
  "requires": true,
  "lockfileVersion": 1,
  "dependencies": {
    "@element-plus/icons": {
      "version": "0.0.11",
      "resolved": "https://registry.npmjs.org/@element-plus/icons/-/icons-0.0.11.tgz",
      "integrity": "sha512-iKQXSxXu131Ai+I9Ymtcof9WId7kaXvB1+WRfAfpQCW7UiAMYgdNDqb/u0hgTo2Yq3MwC4MWJnNuTBEpG8r7+A=="
    },
    "@popperjs/core": {
      "version": "2.10.2",
      "resolved": "https://registry.npmjs.org/@popperjs/core/-/core-2.10.2.tgz",
      "integrity": "sha512-IXf3XA7+XyN7CP9gGh/XB0UxVMlvARGEgGXLubFICsUMGz6Q+DU+i4gGlpOxTjKvXjkJDJC8YdqdKkDj9qZHEQ=="
    },
    "@vueuse/core": {
      "version": "6.9.0",
      "resolved": "https://registry.npmjs.org/@vueuse/core/-/core-6.9.0.tgz",
      "integrity": "sha512-/KW3x63X+AlpgJIJxdZZFpZ0SorHv+UHv/i4BufZJwv0s8S1o7dqivDz0DcdD+BBlNwLiOu1mjoUl1rodWCLxw==",
      "requires": {
        "@vueuse/shared": "6.9.0",
        "vue-demi": "*"
      }
    },
    "@vueuse/shared": {
      "version": "6.9.0",
      "resolved": "https://registry.npmjs.org/@vueuse/shared/-/shared-6.9.0.tgz",
      "integrity": "sha512-LyavYcibfrKO1PIYtJ+JjFwHNVRmxb/i7v4daKKTZv6iKVh/xBD6kpmO392atn1KaUa19m9aGrVNBv4t5lAzJA==",
      "requires": {
        "vue-demi": "*"
      }
    },
    "async-validator": {
      "version": "4.0.7",
      "resolved": "https://registry.npmjs.org/async-validator/-/async-validator-4.0.7.tgz",
      "integrity": "sha512-Pj2IR7u8hmUEDOwB++su6baaRi+QvsgajuFB9j95foM1N2gy5HM4z60hfusIO0fBPG5uLAEl6yCJr1jNSVugEQ=="
    },
    "dayjs": {
      "version": "1.10.7",
      "resolved": "https://registry.npmjs.org/dayjs/-/dayjs-1.10.7.tgz",
      "integrity": "sha512-P6twpd70BcPK34K26uJ1KT3wlhpuOAPoMwJzpsIWUxHZ7wpmbdZL/hQqBDfz7hGurYSa5PhzdhDHtt319hL3ig=="
    },
    "element-plus": {
      "version": "1.2.0-beta.3",
      "resolved": "https://registry.npmjs.org/element-plus/-/element-plus-1.2.0-beta.3.tgz",
      "integrity": "sha512-vvUxR3uL2k9K+WCWz/98hq4uPQ6jvfGf0hfzWvao7pySJkNQq9DtRPC6/4/zUceA/J6Y2Yo3xSbR19JRCwurRw==",
      "requires": {
        "@element-plus/icons": "^0.0.11",
        "@popperjs/core": "^2.10.2",
        "@vueuse/core": "^6.7.3",
        "async-validator": "^4.0.7",
        "dayjs": "^1.10.7",
        "lodash": "^4.17.21",
        "memoize-one": "^6.0.0",
        "normalize-wheel-es": "^1.1.0"
      }
    },
    "lodash": {
      "version": "4.17.21",
      "resolved": "https://registry.npmjs.org/lodash/-/lodash-4.17.21.tgz",
      "integrity": "sha512-v2kDEe57lecTulaDIuNTPy3Ry4gLGJ6Z1O3vE1krgXZNrsQ+LFTGHVxVjcXPs17LhbZVGedAJv8XZ1tvj5FvSg=="
    },
    "memoize-one": {
      "version": "6.0.0",
      "resolved": "https://registry.npmjs.org/memoize-one/-/memoize-one-6.0.0.tgz",
      "integrity": "sha512-rkpe71W0N0c0Xz6QD0eJETuWAJGnJ9afsl1srmwPrI+yBCkge5EycXXbYRyvL29zZVUWQCY7InPRCv3GDXuZNw=="
    },
    "normalize-wheel-es": {
      "version": "1.1.1",
      "resolved": "https://registry.npmjs.org/normalize-wheel-es/-/normalize-wheel-es-1.1.1.tgz",
      "integrity": "sha512-157VNH4CngrcsvF8xOVOe22cwniIR3nxSltdctvQeHZj8JttEeOXffK28jucWfWBXs0QNetAumjc1GiInnwX4w=="
    },
    "vue-demi": {
      "version": "0.12.1",
      "resolved": "https://registry.npmjs.org/vue-demi/-/vue-demi-0.12.1.tgz",
      "integrity": "sha512-QL3ny+wX8c6Xm1/EZylbgzdoDolye+VpCXRhI2hug9dJTP3OUJ3lmiKN3CsVV3mOJKwFi0nsstbgob0vG7aoIw=="
    }
  }
}
